// !$*UTF8*$!
{
	archiveVersion = 1;
	classes = {
	};
	objectVersion = 55;
	objects = {

/* Begin PBXBuildFile section */
		F0400CA427B1B2F200C4C80C /* AppDelegate.swift in Sources */ = {isa = PBXBuildFile; fileRef = F0400CA327B1B2F200C4C80C /* AppDelegate.swift */; };
		F0400CA627B1B2F200C4C80C /* SceneDelegate.swift in Sources */ = {isa = PBXBuildFile; fileRef = F0400CA527B1B2F200C4C80C /* SceneDelegate.swift */; };
		F0400CA827B1B2F200C4C80C /* ViewController.swift in Sources */ = {isa = PBXBuildFile; fileRef = F0400CA727B1B2F200C4C80C /* ViewController.swift */; };
		F0400CAB27B1B2F200C4C80C /* Main.storyboard in Resources */ = {isa = PBXBuildFile; fileRef = F0400CA927B1B2F200C4C80C /* Main.storyboard */; };
		F0400CAD27B1B2F400C4C80C /* Assets.xcassets in Resources */ = {isa = PBXBuildFile; fileRef = F0400CAC27B1B2F400C4C80C /* Assets.xcassets */; };
		F0400CB027B1B2F400C4C80C /* LaunchScreen.storyboard in Resources */ = {isa = PBXBuildFile; fileRef = F0400CAE27B1B2F400C4C80C /* LaunchScreen.storyboard */; };
		F0400CBB27B1B2F400C4C80C /* FoodViewTests.swift in Sources */ = {isa = PBXBuildFile; fileRef = F0400CBA27B1B2F400C4C80C /* FoodViewTests.swift */; };
		F0400CC527B1B2F400C4C80C /* FoodViewUITests.swift in Sources */ = {isa = PBXBuildFile; fileRef = F0400CC427B1B2F400C4C80C /* FoodViewUITests.swift */; };
		F0400CC727B1B2F400C4C80C /* FoodViewUITestsLaunchTests.swift in Sources */ = {isa = PBXBuildFile; fileRef = F0400CC627B1B2F400C4C80C /* FoodViewUITestsLaunchTests.swift */; };
		F0400CD427B1D0D500C4C80C /* TableViewCell.swift in Sources */ = {isa = PBXBuildFile; fileRef = F0400CD327B1D0D500C4C80C /* TableViewCell.swift */; };
/* End PBXBuildFile section */

/* Begin PBXContainerItemProxy section */
		F0400CB727B1B2F400C4C80C /* PBXContainerItemProxy */ = {
			isa = PBXContainerItemProxy;
			containerPortal = F0400C9827B1B2F200C4C80C /* Project object */;
			proxyType = 1;
			remoteGlobalIDString = F0400C9F27B1B2F200C4C80C;
			remoteInfo = FoodView;
		};
		F0400CC127B1B2F400C4C80C /* PBXContainerItemProxy */ = {
			isa = PBXContainerItemProxy;
			containerPortal = F0400C9827B1B2F200C4C80C /* Project object */;
			proxyType = 1;
			remoteGlobalIDString = F0400C9F27B1B2F200C4C80C;
			remoteInfo = FoodView;
		};
/* End PBXContainerItemProxy section */

/* Begin PBXFileReference section */
		F0400CA027B1B2F200C4C80C /* FoodView.app */ = {isa = PBXFileReference; explicitFileType = wrapper.application; includeInIndex = 0; path = FoodView.app; sourceTree = BUILT_PRODUCTS_DIR; };
		F0400CA327B1B2F200C4C80C /* AppDelegate.swift */ = {isa = PBXFileReference; lastKnownFileType = sourcecode.swift; path = AppDelegate.swift; sourceTree = "<group>"; };
		F0400CA527B1B2F200C4C80C /* SceneDelegate.swift */ = {isa = PBXFileReference; lastKnownFileType = sourcecode.swift; path = SceneDelegate.swift; sourceTree = "<group>"; };
		F0400CA727B1B2F200C4C80C /* ViewController.swift */ = {isa = PBXFileReference; lastKnownFileType = sourcecode.swift; path = ViewController.swift; sourceTree = "<group>"; };
		F0400CAA27B1B2F200C4C80C /* Base */ = {isa = PBXFileReference; lastKnownFileType = file.storyboard; name = Base; path = Base.lproj/Main.storyboard; sourceTree = "<group>"; };
		F0400CAC27B1B2F400C4C80C /* Assets.xcassets */ = {isa = PBXFileReference; lastKnownFileType = folder.assetcatalog; path = Assets.xcassets; sourceTree = "<group>"; };
		F0400CAF27B1B2F400C4C80C /* Base */ = {isa = PBXFileReference; lastKnownFileType = file.storyboard; name = Base; path = Base.lproj/LaunchScreen.storyboard; sourceTree = "<group>"; };
		F0400CB127B1B2F400C4C80C /* Info.plist */ = {isa = PBXFileReference; lastKnownFileType = text.plist.xml; path = Info.plist; sourceTree = "<group>"; };
		F0400CB627B1B2F400C4C80C /* FoodViewTests.xctest */ = {isa = PBXFileReference; explicitFileType = wrapper.cfbundle; includeInIndex = 0; path = FoodViewTests.xctest; sourceTree = BUILT_PRODUCTS_DIR; };
		F0400CBA27B1B2F400C4C80C /* FoodViewTests.swift */ = {isa = PBXFileReference; lastKnownFileType = sourcecode.swift; path = FoodViewTests.swift; sourceTree = "<group>"; };
		F0400CC027B1B2F400C4C80C /* FoodViewUITests.xctest */ = {isa = PBXFileReference; explicitFileType = wrapper.cfbundle; includeInIndex = 0; path = FoodViewUITests.xctest; sourceTree = BUILT_PRODUCTS_DIR; };
		F0400CC427B1B2F400C4C80C /* FoodViewUITests.swift */ = {isa = PBXFileReference; lastKnownFileType = sourcecode.swift; path = FoodViewUITests.swift; sourceTree = "<group>"; };
		F0400CC627B1B2F400C4C80C /* FoodViewUITestsLaunchTests.swift */ = {isa = PBXFileReference; lastKnownFileType = sourcecode.swift; path = FoodViewUITestsLaunchTests.swift; sourceTree = "<group>"; };
		F0400CD327B1D0D500C4C80C /* TableViewCell.swift */ = {isa = PBXFileReference; lastKnownFileType = sourcecode.swift; path = TableViewCell.swift; sourceTree = "<group>"; };
/* End PBXFileReference section */

/* Begin PBXFrameworksBuildPhase section */
		F0400C9D27B1B2F200C4C80C /* Frameworks */ = {
			isa = PBXFrameworksBuildPhase;
			buildActionMask = 2147483647;
			files = (
			);
			runOnlyForDeploymentPostprocessing = 0;
		};
		F0400CB327B1B2F400C4C80C /* Frameworks */ = {
			isa = PBXFrameworksBuildPhase;
			buildActionMask = 2147483647;
			files = (
			);
			runOnlyForDeploymentPostprocessing = 0;
		};
		F0400CBD27B1B2F400C4C80C /* Frameworks */ = {
			isa = PBXFrameworksBuildPhase;
			buildActionMask = 2147483647;
			files = (
			);
			runOnlyForDeploymentPostprocessing = 0;
		};
/* End PBXFrameworksBuildPhase section */

/* Begin PBXGroup section */
		F0400C9727B1B2F200C4C80C = {
			isa = PBXGroup;
			children = (
				F0400CA227B1B2F200C4C80C /* FoodView */,
				F0400CB927B1B2F400C4C80C /* FoodViewTests */,
				F0400CC327B1B2F400C4C80C /* FoodViewUITests */,
				F0400CA127B1B2F200C4C80C /* Products */,
			);
			sourceTree = "<group>";
		};
		F0400CA127B1B2F200C4C80C /* Products */ = {
			isa = PBXGroup;
			children = (
				F0400CA027B1B2F200C4C80C /* FoodView.app */,
				F0400CB627B1B2F400C4C80C /* FoodViewTests.xctest */,
				F0400CC027B1B2F400C4C80C /* FoodViewUITests.xctest */,
			);
			name = Products;
			sourceTree = "<group>";
		};
		F0400CA227B1B2F200C4C80C /* FoodView */ = {
			isa = PBXGroup;
			children = (
				F0400CA327B1B2F200C4C80C /* AppDelegate.swift */,
				F0400CA527B1B2F200C4C80C /* SceneDelegate.swift */,
				F0400CA727B1B2F200C4C80C /* ViewController.swift */,
				F0400CA927B1B2F200C4C80C /* Main.storyboard */,
				F0400CAC27B1B2F400C4C80C /* Assets.xcassets */,
				F0400CAE27B1B2F400C4C80C /* LaunchScreen.storyboard */,
				F0400CB127B1B2F400C4C80C /* Info.plist */,
				F0400CD327B1D0D500C4C80C /* TableViewCell.swift */,
			);
			path = FoodView;
			sourceTree = "<group>";
		};
		F0400CB927B1B2F400C4C80C /* FoodViewTests */ = {
			isa = PBXGroup;
			children = (
				F0400CBA27B1B2F400C4C80C /* FoodViewTests.swift */,
			);
			path = FoodViewTests;
			sourceTree = "<group>";
		};
		F0400CC327B1B2F400C4C80C /* FoodViewUITests */ = {
			isa = PBXGroup;
			children = (
				F0400CC427B1B2F400C4C80C /* FoodViewUITests.swift */,
				F0400CC627B1B2F400C4C80C /* FoodViewUITestsLaunchTests.swift */,
			);
			path = FoodViewUITests;
			sourceTree = "<group>";
		};
/* End PBXGroup section */

/* Begin PBXNativeTarget section */
		F0400C9F27B1B2F200C4C80C /* FoodView */ = {
			isa = PBXNativeTarget;
			buildConfigurationList = F0400CCA27B1B2F400C4C80C /* Build configuration list for PBXNativeTarget "FoodView" */;
			buildPhases = (
				F0400C9C27B1B2F200C4C80C /* Sources */,
				F0400C9D27B1B2F200C4C80C /* Frameworks */,
				F0400C9E27B1B2F200C4C80C /* Resources */,
			);
			buildRules = (
			);
			dependencies = (
			);
			name = FoodView;
			productName = FoodView;
			productReference = F0400CA027B1B2F200C4C80C /* FoodView.app */;
			productType = "com.apple.product-type.application";
		};
		F0400CB527B1B2F400C4C80C /* FoodViewTests */ = {
			isa = PBXNativeTarget;
			buildConfigurationList = F0400CCD27B1B2F400C4C80C /* Build configuration list for PBXNativeTarget "FoodViewTests" */;
			buildPhases = (
				F0400CB227B1B2F400C4C80C /* Sources */,
				F0400CB327B1B2F400C4C80C /* Frameworks */,
				F0400CB427B1B2F400C4C80C /* Resources */,
			);
			buildRules = (
			);
			dependencies = (
				F0400CB827B1B2F400C4C80C /* PBXTargetDependency */,
			);
			name = FoodViewTests;
			productName = FoodViewTests;
			productReference = F0400CB627B1B2F400C4C80C /* FoodViewTests.xctest */;
			productType = "com.apple.product-type.bundle.unit-test";
		};
		F0400CBF27B1B2F400C4C80C /* FoodViewUITests */ = {
			isa = PBXNativeTarget;
			buildConfigurationList = F0400CD027B1B2F400C4C80C /* Build configuration list for PBXNativeTarget "FoodViewUITests" */;
			buildPhases = (
				F0400CBC27B1B2F400C4C80C /* Sources */,
				F0400CBD27B1B2F400C4C80C /* Frameworks */,
				F0400CBE27B1B2F400C4C80C /* Resources */,
			);
			buildRules = (
			);
			dependencies = (
				F0400CC227B1B2F400C4C80C /* PBXTargetDependency */,
			);
			name = FoodViewUITests;
			productName = FoodViewUITests;
			productReference = F0400CC027B1B2F400C4C80C /* FoodViewUITests.xctest */;
			productType = "com.apple.product-type.bundle.ui-testing";
		};
/* End PBXNativeTarget section */

/* Begin PBXProject section */
		F0400C9827B1B2F200C4C80C /* Project object */ = {
			isa = PBXProject;
			attributes = {
				BuildIndependentTargetsInParallel = 1;
				LastSwiftUpdateCheck = 1320;
				LastUpgradeCheck = 1320;
				TargetAttributes = {
					F0400C9F27B1B2F200C4C80C = {
						CreatedOnToolsVersion = 13.2.1;
					};
					F0400CB527B1B2F400C4C80C = {
						CreatedOnToolsVersion = 13.2.1;
						TestTargetID = F0400C9F27B1B2F200C4C80C;
					};
					F0400CBF27B1B2F400C4C80C = {
						CreatedOnToolsVersion = 13.2.1;
						TestTargetID = F0400C9F27B1B2F200C4C80C;
					};
				};
			};
			buildConfigurationList = F0400C9B27B1B2F200C4C80C /* Build configuration list for PBXProject "FoodView" */;
			compatibilityVersion = "Xcode 13.0";
			developmentRegion = en;
			hasScannedForEncodings = 0;
			knownRegions = (
				en,
				Base,
			);
			mainGroup = F0400C9727B1B2F200C4C80C;
			productRefGroup = F0400CA127B1B2F200C4C80C /* Products */;
			projectDirPath = "";
			projectRoot = "";
			targets = (
				F0400C9F27B1B2F200C4C80C /* FoodView */,
				F0400CB527B1B2F400C4C80C /* FoodViewTests */,
				F0400CBF27B1B2F400C4C80C /* FoodViewUITests */,
			);
		};
/* End PBXProject section */

/* Begin PBXResourcesBuildPhase section */
		F0400C9E27B1B2F200C4C80C /* Resources */ = {
			isa = PBXResourcesBuildPhase;
			buildActionMask = 2147483647;
			files = (
				F0400CB027B1B2F400C4C80C /* LaunchScreen.storyboard in Resources */,
				F0400CAD27B1B2F400C4C80C /* Assets.xcassets in Resources */,
				F0400CAB27B1B2F200C4C80C /* Main.storyboard in Resources */,
			);
			runOnlyForDeploymentPostprocessing = 0;
		};
		F0400CB427B1B2F400C4C80C /* Resources */ = {
			isa = PBXResourcesBuildPhase;
			buildActionMask = 2147483647;
			files = (
			);
			runOnlyForDeploymentPostprocessing = 0;
		};
		F0400CBE27B1B2F400C4C80C /* Resources */ = {
			isa = PBXResourcesBuildPhase;
			buildActionMask = 2147483647;
			files = (
			);
			runOnlyForDeploymentPostprocessing = 0;
		};
/* End PBXResourcesBuildPhase section */

/* Begin PBXSourcesBuildPhase section */
		F0400C9C27B1B2F200C4C80C /* Sources */ = {
			isa = PBXSourcesBuildPhase;
			buildActionMask = 2147483647;
			files = (
				F0400CA827B1B2F200C4C80C /* ViewController.swift in Sources */,
				F0400CD427B1D0D500C4C80C /* TableViewCell.swift in Sources */,
				F0400CA427B1B2F200C4C80C /* AppDelegate.swift in Sources */,
				F0400CA627B1B2F200C4C80C /* SceneDelegate.swift in Sources */,
			);
			runOnlyForDeploymentPostprocessing = 0;
		};
		F0400CB227B1B2F400C4C80C /* Sources */ = {
			isa = PBXSourcesBuildPhase;
			buildActionMask = 2147483647;
			files = (
				F0400CBB27B1B2F400C4C80C /* FoodViewTests.swift in Sources */,
			);
			runOnlyForDeploymentPostprocessing = 0;
		};
		F0400CBC27B1B2F400C4C80C /* Sources */ = {
			isa = PBXSourcesBuildPhase;
			buildActionMask = 2147483647;
			files = (
				F0400CC727B1B2F400C4C80C /* FoodViewUITestsLaunchTests.swift in Sources */,
				F0400CC527B1B2F400C4C80C /* FoodViewUITests.swift in Sources */,
			);
			runOnlyForDeploymentPostprocessing = 0;
		};
/* End PBXSourcesBuildPhase section */

/* Begin PBXTargetDependency section */
		F0400CB827B1B2F400C4C80C /* PBXTargetDependency */ = {
			isa = PBXTargetDependency;
			target = F0400C9F27B1B2F200C4C80C /* FoodView */;
			targetProxy = F0400CB727B1B2F400C4C80C /* PBXContainerItemProxy */;
		};
		F0400CC227B1B2F400C4C80C /* PBXTargetDependency */ = {
			isa = PBXTargetDependency;
			target = F0400C9F27B1B2F200C4C80C /* FoodView */;
			targetProxy = F0400CC127B1B2F400C4C80C /* PBXContainerItemProxy */;
		};
/* End PBXTargetDependency section */

/* Begin PBXVariantGroup section */
		F0400CA927B1B2F200C4C80C /* Main.storyboard */ = {
			isa = PBXVariantGroup;
			children = (
				F0400CAA27B1B2F200C4C80C /* Base */,
			);
			name = Main.storyboard;
			sourceTree = "<group>";
		};
		F0400CAE27B1B2F400C4C80C /* LaunchScreen.storyboard */ = {
			isa = PBXVariantGroup;
			children = (
				F0400CAF27B1B2F400C4C80C /* Base */,
			);
			name = LaunchScreen.storyboard;
			sourceTree = "<group>";
		};
/* End PBXVariantGroup section */

/* Begin XCBuildConfiguration section */
		F0400CC827B1B2F400C4C80C /* Debug */ = {
			isa = XCBuildConfiguration;
			buildSettings = {
				ALWAYS_SEARCH_USER_PATHS = NO;
				CLANG_ANALYZER_NONNULL = YES;
				CLANG_ANALYZER_NUMBER_OBJECT_CONVERSION = YES_AGGRESSIVE;
				CLANG_CXX_LANGUAGE_STANDARD = "gnu++17";
				CLANG_CXX_LIBRARY = "libc++";
				CLANG_ENABLE_MODULES = YES;
				CLANG_ENABLE_OBJC_ARC = YES;
				CLANG_ENABLE_OBJC_WEAK = YES;
				CLANG_WARN_BLOCK_CAPTURE_AUTORELEASING = YES;
				CLANG_WARN_BOOL_CONVERSION = YES;
				CLANG_WARN_COMMA = YES;
				CLANG_WARN_CONSTANT_CONVERSION = YES;
				CLANG_WARN_DEPRECATED_OBJC_IMPLEMENTATIONS = YES;
				CLANG_WARN_DIRECT_OBJC_ISA_USAGE = YES_ERROR;
				CLANG_WARN_DOCUMENTATION_COMMENTS = YES;
				CLANG_WARN_EMPTY_BODY = YES;
				CLANG_WARN_ENUM_CONVERSION = YES;
				CLANG_WARN_INFINITE_RECURSION = YES;
				CLANG_WARN_INT_CONVERSION = YES;
				CLANG_WARN_NON_LITERAL_NULL_CONVERSION = YES;
				CLANG_WARN_OBJC_IMPLICIT_RETAIN_SELF = YES;
				CLANG_WARN_OBJC_LITERAL_CONVERSION = YES;
				CLANG_WARN_OBJC_ROOT_CLASS = YES_ERROR;
				CLANG_WARN_QUOTED_INCLUDE_IN_FRAMEWORK_HEADER = YES;
				CLANG_WARN_RANGE_LOOP_ANALYSIS = YES;
				CLANG_WARN_STRICT_PROTOTYPES = YES;
				CLANG_WARN_SUSPICIOUS_MOVE = YES;
				CLANG_WARN_UNGUARDED_AVAILABILITY = YES_AGGRESSIVE;
				CLANG_WARN_UNREACHABLE_CODE = YES;
				CLANG_WARN__DUPLICATE_METHOD_MATCH = YES;
				COPY_PHASE_STRIP = NO;
				DEBUG_INFORMATION_FORMAT = dwarf;
				ENABLE_STRICT_OBJC_MSGSEND = YES;
				ENABLE_TESTABILITY = YES;
				GCC_C_LANGUAGE_STANDARD = gnu11;
				GCC_DYNAMIC_NO_PIC = NO;
				GCC_NO_COMMON_BLOCKS = YES;
				GCC_OPTIMIZATION_LEVEL = 0;
				GCC_PREPROCESSOR_DEFINITIONS = (
					"DEBUG=1",
					"$(inherited)",
				);
				GCC_WARN_64_TO_32_BIT_CONVERSION = YES;
				GCC_WARN_ABOUT_RETURN_TYPE = YES_ERROR;
				GCC_WARN_UNDECLARED_SELECTOR = YES;
				GCC_WARN_UNINITIALIZED_AUTOS = YES_AGGRESSIVE;
				GCC_WARN_UNUSED_FUNCTION = YES;
				GCC_WARN_UNUSED_VARIABLE = YES;
				IPHONEOS_DEPLOYMENT_TARGET = 15.2;
				MTL_ENABLE_DEBUG_INFO = INCLUDE_SOURCE;
				MTL_FAST_MATH = YES;
				ONLY_ACTIVE_ARCH = YES;
				SDKROOT = iphoneos;
				SWIFT_ACTIVE_COMPILATION_CONDITIONS = DEBUG;
				SWIFT_OPTIMIZATION_LEVEL = "-Onone";
			};
			name = Debug;
		};
		F0400CC927B1B2F400C4C80C /* Release */ = {
			isa = XCBuildConfiguration;
			buildSettings = {
				ALWAYS_SEARCH_USER_PATHS = NO;
				CLANG_ANALYZER_NONNULL = YES;
				CLANG_ANALYZER_NUMBER_OBJECT_CONVERSION = YES_AGGRESSIVE;
				CLANG_CXX_LANGUAGE_STANDARD = "gnu++17";
				CLANG_CXX_LIBRARY = "libc++";
				CLANG_ENABLE_MODULES = YES;
				CLANG_ENABLE_OBJC_ARC = YES;
				CLANG_ENABLE_OBJC_WEAK = YES;
				CLANG_WARN_BLOCK_CAPTURE_AUTORELEASING = YES;
				CLANG_WARN_BOOL_CONVERSION = YES;
				CLANG_WARN_COMMA = YES;
				CLANG_WARN_CONSTANT_CONVERSION = YES;
				CLANG_WARN_DEPRECATED_OBJC_IMPLEMENTATIONS = YES;
				CLANG_WARN_DIRECT_OBJC_ISA_USAGE = YES_ERROR;
				CLANG_WARN_DOCUMENTATION_COMMENTS = YES;
				CLANG_WARN_EMPTY_BODY = YES;
				CLANG_WARN_ENUM_CONVERSION = YES;
				CLANG_WARN_INFINITE_RECURSION = YES;
				CLANG_WARN_INT_CONVERSION = YES;
				CLANG_WARN_NON_LITERAL_NULL_CONVERSION = YES;
				CLANG_WARN_OBJC_IMPLICIT_RETAIN_SELF = YES;
				CLANG_WARN_OBJC_LITERAL_CONVERSION = YES;
				CLANG_WARN_OBJC_ROOT_CLASS = YES_ERROR;
				CLANG_WARN_QUOTED_INCLUDE_IN_FRAMEWORK_HEADER = YES;
				CLANG_WARN_RANGE_LOOP_ANALYSIS = YES;
				CLANG_WARN_STRICT_PROTOTYPES = YES;
				CLANG_WARN_SUSPICIOUS_MOVE = YES;
				CLANG_WARN_UNGUARDED_AVAILABILITY = YES_AGGRESSIVE;
				CLANG_WARN_UNREACHABLE_CODE = YES;
				CLANG_WARN__DUPLICATE_METHOD_MATCH = YES;
				COPY_PHASE_STRIP = NO;
				DEBUG_INFORMATION_FORMAT = "dwarf-with-dsym";
				ENABLE_NS_ASSERTIONS = NO;
				ENABLE_STRICT_OBJC_MSGSEND = YES;
				GCC_C_LANGUAGE_STANDARD = gnu11;
				GCC_NO_COMMON_BLOCKS = YES;
				GCC_WARN_64_TO_32_BIT_CONVERSION = YES;
				GCC_WARN_ABOUT_RETURN_TYPE = YES_ERROR;
				GCC_WARN_UNDECLARED_SELECTOR = YES;
				GCC_WARN_UNINITIALIZED_AUTOS = YES_AGGRESSIVE;
				GCC_WARN_UNUSED_FUNCTION = YES;
				GCC_WARN_UNUSED_VARIABLE = YES;
				IPHONEOS_DEPLOYMENT_TARGET = 15.2;
				MTL_ENABLE_DEBUG_INFO = NO;
				MTL_FAST_MATH = YES;
				SDKROOT = iphoneos;
				SWIFT_COMPILATION_MODE = wholemodule;
				SWIFT_OPTIMIZATION_LEVEL = "-O";
				VALIDATE_PRODUCT = YES;
			};
			name = Release;
		};
		F0400CCB27B1B2F400C4C80C /* Debug */ = {
			isa = XCBuildConfiguration;
			buildSettings = {
				ASSETCATALOG_COMPILER_APPICON_NAME = AppIcon;
				ASSETCATALOG_COMPILER_GLOBAL_ACCENT_COLOR_NAME = AccentColor;
				CODE_SIGN_STYLE = Automatic;
				CURRENT_PROJECT_VERSION = 1;
				GENERATE_INFOPLIST_FILE = YES;
				INFOPLIST_FILE = FoodView/Info.plist;
				INFOPLIST_KEY_UIApplicationSupportsIndirectInputEvents = YES;
				INFOPLIST_KEY_UILaunchStoryboardName = LaunchScreen;
				INFOPLIST_KEY_UIMainStoryboardFile = Main;
				INFOPLIST_KEY_UISupportedInterfaceOrientations_iPad = "UIInterfaceOrientationPortrait UIInterfaceOrientationPortraitUpsideDown UIInterfaceOrientationLandscapeLeft UIInterfaceOrientationLandscapeRight";
				INFOPLIST_KEY_UISupportedInterfaceOrientations_iPhone = "UIInterfaceOrientationPortrait UIInterfaceOrientationLandscapeLeft UIInterfaceOrientationLandscapeRight";
				LD_RUNPATH_SEARCH_PATHS = (
					"$(inherited)",
					"@executable_path/Frameworks",
				);
				MARKETING_VERSION = 1.0;
				PRODUCT_BUNDLE_IDENTIFIER = edu.northeastern.yang.zhehu.FoodView;
				PRODUCT_NAME = "$(TARGET_NAME)";
				SWIFT_EMIT_LOC_STRINGS = YES;
				SWIFT_VERSION = 5.0;
				TARGETED_DEVICE_FAMILY = "1,2";
			};
			name = Debug;
		};
		F0400CCC27B1B2F400C4C80C /* Release */ = {
			isa = XCBuildConfiguration;
			buildSettings = {
				ASSETCATALOG_COMPILER_APPICON_NAME = AppIcon;
				ASSETCATALOG_COMPILER_GLOBAL_ACCENT_COLOR_NAME = AccentColor;
				CODE_SIGN_STYLE = Automatic;
				CURRENT_PROJECT_VERSION = 1;
				GENERATE_INFOPLIST_FILE = YES;
				INFOPLIST_FILE = FoodView/Info.plist;
				INFOPLIST_KEY_UIApplicationSupportsIndirectInputEvents = YES;
				INFOPLIST_KEY_UILaunchStoryboardName = LaunchScreen;
				INFOPLIST_KEY_UIMainStoryboardFile = Main;
				INFOPLIST_KEY_UISupportedInterfaceOrientations_iPad = "UIInterfaceOrientationPortrait UIInterfaceOrientationPortraitUpsideDown UIInterfaceOrientationLandscapeLeft UIInterfaceOrientationLandscapeRight";
				INFOPLIST_KEY_UISupportedInterfaceOrientations_iPhone = "UIInterfaceOrientationPortrait UIInterfaceOrientationLandscapeLeft UIInterfaceOrientationLandscapeRight";
				LD_RUNPATH_SEARCH_PATHS = (
					"$(inherited)",
					"@executable_path/Frameworks",
				);
				MARKETING_VERSION = 1.0;
				PRODUCT_BUNDLE_IDENTIFIER = edu.northeastern.yang.zhehu.FoodView;
				PRODUCT_NAME = "$(TARGET_NAME)";
				SWIFT_EMIT_LOC_STRINGS = YES;
				SWIFT_VERSION = 5.0;
				TARGETED_DEVICE_FAMILY = "1,2";
			};
			name = Release;
		};
		F0400CCE27B1B2F400C4C80C /* Debug */ = {
			isa = XCBuildConfiguration;
			buildSettings = {
				ALWAYS_EMBED_SWIFT_STANDARD_LIBRARIES = YES;
				BUNDLE_LOADER = "$(TEST_HOST)";
				CODE_SIGN_STYLE = Automatic;
				CURRENT_PROJECT_VERSION = 1;
				GENERATE_INFOPLIST_FILE = YES;
				IPHONEOS_DEPLOYMENT_TARGET = 15.2;
				MARKETING_VERSION = 1.0;
				PRODUCT_BUNDLE_IDENTIFIER = edu.northeastern.yang.zhehu.FoodViewTests;
				PRODUCT_NAME = "$(TARGET_NAME)";
				SWIFT_EMIT_LOC_STRINGS = NO;
				SWIFT_VERSION = 5.0;
				TARGETED_DEVICE_FAMILY = "1,2";
				TEST_HOST = "$(BUILT_PRODUCTS_DIR)/FoodView.app/FoodView";
			};
			name = Debug;
		};
		F0400CCF27B1B2F400C4C80C /* Release */ = {
			isa = XCBuildConfiguration;
			buildSettings = {
				ALWAYS_EMBED_SWIFT_STANDARD_LIBRARIES = YES;
				BUNDLE_LOADER = "$(TEST_HOST)";
				CODE_SIGN_STYLE = Automatic;
				CURRENT_PROJECT_VERSION = 1;
				GENERATE_INFOPLIST_FILE = YES;
				IPHONEOS_DEPLOYMENT_TARGET = 15.2;
				MARKETING_VERSION = 1.0;
				PRODUCT_BUNDLE_IDENTIFIER = edu.northeastern.yang.zhehu.FoodViewTests;
				PRODUCT_NAME = "$(TARGET_NAME)";
				SWIFT_EMIT_LOC_STRINGS = NO;
				SWIFT_VERSION = 5.0;
				TARGETED_DEVICE_FAMILY = "1,2";
				TEST_HOST = "$(BUILT_PRODUCTS_DIR)/FoodView.app/FoodView";
			};
			name = Release;
		};
		F0400CD127B1B2F400C4C80C /* Debug */ = {
			isa = XCBuildConfiguration;
			buildSettings = {
				ALWAYS_EMBED_SWIFT_STANDARD_LIBRARIES = YES;
				CODE_SIGN_STYLE = Automatic;
				CURRENT_PROJECT_VERSION = 1;
				GENERATE_INFOPLIST_FILE = YES;
				MARKETING_VERSION = 1.0;
				PRODUCT_BUNDLE_IDENTIFIER = edu.northeastern.yang.zhehu.FoodViewUITests;
				PRODUCT_NAME = "$(TARGET_NAME)";
				SWIFT_EMIT_LOC_STRINGS = NO;
				SWIFT_VERSION = 5.0;
				TARGETED_DEVICE_FAMILY = "1,2";
				TEST_TARGET_NAME = FoodView;
			};
			name = Debug;
		};
		F0400CD227B1B2F400C4C80C /* Release */ = {
			isa = XCBuildConfiguration;
			buildSettings = {
				ALWAYS_EMBED_SWIFT_STANDARD_LIBRARIES = YES;
				CODE_SIGN_STYLE = Automatic;
				CURRENT_PROJECT_VERSION = 1;
				GENERATE_INFOPLIST_FILE = YES;
				MARKETING_VERSION = 1.0;
				PRODUCT_BUNDLE_IDENTIFIER = edu.northeastern.yang.zhehu.FoodViewUITests;
				PRODUCT_NAME = "$(TARGET_NAME)";
				SWIFT_EMIT_LOC_STRINGS = NO;
				SWIFT_VERSION = 5.0;
				TARGETED_DEVICE_FAMILY = "1,2";
				TEST_TARGET_NAME = FoodView;
			};
			name = Release;
		};
/* End XCBuildConfiguration section */

/* Begin XCConfigurationList section */
		F0400C9B27B1B2F200C4C80C /* Build configuration list for PBXProject "FoodView" */ = {
			isa = XCConfigurationList;
			buildConfigurations = (
				F0400CC827B1B2F400C4C80C /* Debug */,
				F0400CC927B1B2F400C4C80C /* Release */,
			);
			defaultConfigurationIsVisible = 0;
			defaultConfigurationName = Release;
		};
		F0400CCA27B1B2F400C4C80C /* Build configuration list for PBXNativeTarget "FoodView" */ = {
			isa = XCConfigurationList;
			buildConfigurations = (
				F0400CCB27B1B2F400C4C80C /* Debug */,
				F0400CCC27B1B2F400C4C80C /* Release */,
			);
			defaultConfigurationIsVisible = 0;
			defaultConfigurationName = Release;
		};
		F0400CCD27B1B2F400C4C80C /* Build configuration list for PBXNativeTarget "FoodViewTests" */ = {
			isa = XCConfigurationList;
			buildConfigurations = (
				F0400CCE27B1B2F400C4C80C /* Debug */,
				F0400CCF27B1B2F400C4C80C /* Release */,
			);
			defaultConfigurationIsVisible = 0;
			defaultConfigurationName = Release;
		};
		F0400CD027B1B2F400C4C80C /* Build configuration list for PBXNativeTarget "FoodViewUITests" */ = {
			isa = XCConfigurationList;
			buildConfigurations = (
				F0400CD127B1B2F400C4C80C /* Debug */,
				F0400CD227B1B2F400C4C80C /* Release */,
			);
			defaultConfigurationIsVisible = 0;
			defaultConfigurationName = Release;
		};
/* End XCConfigurationList section */
	};
	rootObject = F0400C9827B1B2F200C4C80C /* Project object */;
}
